Microsoft Visual Studio Solution File, Format Version 1.00
Project("{66355F20-A65B-11D0-BFB5-00A0C91EBFA0}") = "SortApplet", "SortApplet.vjp", "{2FDFE0AA-4A03-11D3-AFD7-000000000000}"
EndProject
Global
	GlobalSection(LocalDeployment) = postSolution
		StartupProject = {2FDFE0AA-4A03-11D3-AFD7-000000000000}
	EndGlobalSection
	GlobalSection(BuildOrder) = postSolution
		0 = {2FDFE0AA-4A03-11D3-AFD7-000000000000}
	EndGlobalSection
	GlobalSection(DeploymentRoot) = postSolution
	EndGlobalSection
EndGlobal
